
Microsoft Visual Studio Solution File, Format Version 12.00
# Visual Studio Version 17
VisualStudioVersion = 17.8.34309.116
MinimumVisualStudioVersion = 10.0.40219.1
Project("{FAE04EC0-301F-11D3-BF4B-00C04F79EFBC}") = "BeerSong", "BeerSong\BeerSong.csproj", "{8915A9A8-C8B4-441B-B6E6-FD32D105B3DE}"
EndProject
Global
	GlobalSection(SolutionConfigurationPlatforms) = preSolution
		Debug|Any CPU = Debug|Any CPU
		Release|Any CPU = Release|Any CPU
	EndGlobalSection
	GlobalSection(ProjectConfigurationPlatforms) = postSolution
		{8915A9A8-C8B4-441B-B6E6-FD32D105B3DE}.Debug|Any CPU.ActiveCfg = Debug|Any CPU
		{8915A9A8-C8B4-441B-B6E6-FD32D105B3DE}.Debug|Any CPU.Build.0 = Debug|Any CPU
		{8915A9A8-C8B4-441B-B6E6-FD32D105B3DE}.Release|Any CPU.ActiveCfg = Release|Any CPU
		{8915A9A8-C8B4-441B-B6E6-FD32D105B3DE}.Release|Any CPU.Build.0 = Release|Any CPU
	EndGlobalSection
	GlobalSection(SolutionProperties) = preSolution
		HideSolutionNode = FALSE
	EndGlobalSection
	GlobalSection(ExtensibilityGlobals) = postSolution
		SolutionGuid = {8F418825-6C03-48B5-89C2-4D865F567924}
	EndGlobalSection
EndGlobal
